
Microsoft Visual Studio Solution File, Format Version 12.00
# Visual Studio 15
VisualStudioVersion = 15.0.28010.2048
MinimumVisualStudioVersion = 10.0.40219.1
Project("{FAE04EC0-301F-11D3-BF4B-00C04F79EFBC}") = "Program1", "Program1\Program1.csproj", "{9F6434DD-DDBD-49E9-966C-3B7B4E46A74E}"
EndProject
Project("{FAE04EC0-301F-11D3-BF4B-00C04F79EFBC}") = "Program2", "Program2\Program2.csproj", "{86B7386D-561E-4277-A79A-76F5A5D24D94}"
EndProject
Global
	GlobalSection(SolutionConfigurationPlatforms) = preSolution
		Debug|Any CPU = Debug|Any CPU
		Release|Any CPU = Release|Any CPU
	EndGlobalSection
	GlobalSection(ProjectConfigurationPlatforms) = postSolution
		{9F6434DD-DDBD-49E9-966C-3B7B4E46A74E}.Debug|Any CPU.ActiveCfg = Debug|Any CPU
		{9F6434DD-DDBD-49E9-966C-3B7B4E46A74E}.Debug|Any CPU.Build.0 = Debug|Any CPU
		{9F6434DD-DDBD-49E9-966C-3B7B4E46A74E}.Release|Any CPU.ActiveCfg = Release|Any CPU
		{9F6434DD-DDBD-49E9-966C-3B7B4E46A74E}.Release|Any CPU.Build.0 = Release|Any CPU
		{86B7386D-561E-4277-A79A-76F5A5D24D94}.Debug|Any CPU.ActiveCfg = Debug|Any CPU
		{86B7386D-561E-4277-A79A-76F5A5D24D94}.Debug|Any CPU.Build.0 = Debug|Any CPU
		{86B7386D-561E-4277-A79A-76F5A5D24D94}.Release|Any CPU.ActiveCfg = Release|Any CPU
		{86B7386D-561E-4277-A79A-76F5A5D24D94}.Release|Any CPU.Build.0 = Release|Any CPU
	EndGlobalSection
	GlobalSection(SolutionProperties) = preSolution
		HideSolutionNode = FALSE
	EndGlobalSection
	GlobalSection(ExtensibilityGlobals) = postSolution
		SolutionGuid = {D49E7651-E8BB-412F-9A62-821418B84781}
	EndGlobalSection
EndGlobal
